
Microsoft Visual Studio Solution File, Format Version 12.00
# Visual Studio 14
VisualStudioVersion = 14.0.25420.1
MinimumVisualStudioVersion = 10.0.40219.1
Project("{FAE04EC0-301F-11D3-BF4B-00C04F79EFBC}") = "myob", "myob\myob.csproj", "{882DFF95-9709-4AF5-9F66-6DE6635018B0}"
EndProject
Project("{FAE04EC0-301F-11D3-BF4B-00C04F79EFBC}") = "myob.tests", "myob.tests\myob.tests.csproj", "{8EC91E19-F73C-4F5B-B844-58D089304942}"
EndProject
Project("{FAE04EC0-301F-11D3-BF4B-00C04F79EFBC}") = "myob.domain", "myob.domain\myob.domain.csproj", "{8630B5CF-3CDB-404B-93CC-564217FCACA7}"
EndProject
Project("{2150E333-8FDC-42A3-9474-1A3956D46DE8}") = "Solution Items", "Solution Items", "{B8735797-CBAC-4971-9B63-D97F8D3469DF}"
	ProjectSection(SolutionItems) = preProject
		runtests.bat = runtests.bat
	EndProjectSection
EndProject
Global
	GlobalSection(SolutionConfigurationPlatforms) = preSolution
		Debug|Any CPU = Debug|Any CPU
		Release|Any CPU = Release|Any CPU
	EndGlobalSection
	GlobalSection(ProjectConfigurationPlatforms) = postSolution
		{882DFF95-9709-4AF5-9F66-6DE6635018B0}.Debug|Any CPU.ActiveCfg = Debug|Any CPU
		{882DFF95-9709-4AF5-9F66-6DE6635018B0}.Debug|Any CPU.Build.0 = Debug|Any CPU
		{882DFF95-9709-4AF5-9F66-6DE6635018B0}.Release|Any CPU.ActiveCfg = Release|Any CPU
		{882DFF95-9709-4AF5-9F66-6DE6635018B0}.Release|Any CPU.Build.0 = Release|Any CPU
		{8EC91E19-F73C-4F5B-B844-58D089304942}.Debug|Any CPU.ActiveCfg = Debug|Any CPU
		{8EC91E19-F73C-4F5B-B844-58D089304942}.Debug|Any CPU.Build.0 = Debug|Any CPU
		{8EC91E19-F73C-4F5B-B844-58D089304942}.Release|Any CPU.ActiveCfg = Release|Any CPU
		{8EC91E19-F73C-4F5B-B844-58D089304942}.Release|Any CPU.Build.0 = Release|Any CPU
		{8630B5CF-3CDB-404B-93CC-564217FCACA7}.Debug|Any CPU.ActiveCfg = Debug|Any CPU
		{8630B5CF-3CDB-404B-93CC-564217FCACA7}.Debug|Any CPU.Build.0 = Debug|Any CPU
		{8630B5CF-3CDB-404B-93CC-564217FCACA7}.Release|Any CPU.ActiveCfg = Release|Any CPU
		{8630B5CF-3CDB-404B-93CC-564217FCACA7}.Release|Any CPU.Build.0 = Release|Any CPU
	EndGlobalSection
	GlobalSection(SolutionProperties) = preSolution
		HideSolutionNode = FALSE
	EndGlobalSection
EndGlobal
